// !$*UTF8*$!
{
	archiveVersion = 1;
	classes = {
	};
	objectVersion = 48;
	objects = {

/* Begin PBXBuildFile section */
		1F3C46852056F0B10059C554 /* AppDelegate.swift in Sources */ = {isa = PBXBuildFile; fileRef = 1F3C46842056F0B10059C554 /* AppDelegate.swift */; };
		1F3C46872056F0B10059C554 /* HistoryController.swift in Sources */ = {isa = PBXBuildFile; fileRef = 1F3C46862056F0B10059C554 /* HistoryController.swift */; };
		1F3C468A2056F0B10059C554 /* Main.storyboard in Resources */ = {isa = PBXBuildFile; fileRef = 1F3C46882056F0B10059C554 /* Main.storyboard */; };
		1F3C468C2056F0B10059C554 /* Assets.xcassets in Resources */ = {isa = PBXBuildFile; fileRef = 1F3C468B2056F0B10059C554 /* Assets.xcassets */; };
		1F3C468F2056F0B10059C554 /* LaunchScreen.storyboard in Resources */ = {isa = PBXBuildFile; fileRef = 1F3C468D2056F0B10059C554 /* LaunchScreen.storyboard */; };
		1F3C46992057232D0059C554 /* HistoryCell.swift in Sources */ = {isa = PBXBuildFile; fileRef = 1F3C46982057232D0059C554 /* HistoryCell.swift */; };
		1F3C469B205723D00059C554 /* BaseCell.swift in Sources */ = {isa = PBXBuildFile; fileRef = 1F3C469A205723D00059C554 /* BaseCell.swift */; };
		1F3C469D2057543F0059C554 /* MainTabBarController.swift in Sources */ = {isa = PBXBuildFile; fileRef = 1F3C469C2057543F0059C554 /* MainTabBarController.swift */; };
		1F3C46A2205758E70059C554 /* ContactListController.swift in Sources */ = {isa = PBXBuildFile; fileRef = 1F3C46A1205758E70059C554 /* ContactListController.swift */; };
		1F3C46A520575B8B0059C554 /* CoreDataManager.swift in Sources */ = {isa = PBXBuildFile; fileRef = 1F3C46A420575B8B0059C554 /* CoreDataManager.swift */; };
		1F561D16205F25F900574EFA /* OnboardingController.swift in Sources */ = {isa = PBXBuildFile; fileRef = 1F561D15205F25F900574EFA /* OnboardingController.swift */; };
		1F561D18205F284F00574EFA /* Page.swift in Sources */ = {isa = PBXBuildFile; fileRef = 1F561D17205F284F00574EFA /* Page.swift */; };
		1F561D1A205F289500574EFA /* PageCell.swift in Sources */ = {isa = PBXBuildFile; fileRef = 1F561D19205F289500574EFA /* PageCell.swift */; };
		1F561D1C205F28FC00574EFA /* FirstPageCell.swift in Sources */ = {isa = PBXBuildFile; fileRef = 1F561D1B205F28FC00574EFA /* FirstPageCell.swift */; };
		1F561D20205F4D2900574EFA /* OnBoardingControllerDelegate.swift in Sources */ = {isa = PBXBuildFile; fileRef = 1F561D1F205F4D2900574EFA /* OnBoardingControllerDelegate.swift */; };
		1F72C29F2058894400E66A58 /* VoipAppCoreDataModel.xcdatamodeld in Sources */ = {isa = PBXBuildFile; fileRef = 1F72C29D2058894400E66A58 /* VoipAppCoreDataModel.xcdatamodeld */; };
		1F72C2A42059DA6300E66A58 /* ContactsManager.swift in Sources */ = {isa = PBXBuildFile; fileRef = 1F72C2A32059DA6300E66A58 /* ContactsManager.swift */; };
		1F72C2A6205B2D6C00E66A58 /* Extensions.swift in Sources */ = {isa = PBXBuildFile; fileRef = 1F72C2A5205B2D6C00E66A58 /* Extensions.swift */; };
		1F72C2A8205B323E00E66A58 /* ContactController.swift in Sources */ = {isa = PBXBuildFile; fileRef = 1F72C2A7205B323E00E66A58 /* ContactController.swift */; };
		1F72C2AA205B394B00E66A58 /* ContactCell.swift in Sources */ = {isa = PBXBuildFile; fileRef = 1F72C2A9205B394B00E66A58 /* ContactCell.swift */; };
/* End PBXBuildFile section */

/* Begin PBXFileReference section */
		1F3C46812056F0B10059C554 /* VOIPApp.app */ = {isa = PBXFileReference; explicitFileType = wrapper.application; includeInIndex = 0; path = VOIPApp.app; sourceTree = BUILT_PRODUCTS_DIR; };
		1F3C46842056F0B10059C554 /* AppDelegate.swift */ = {isa = PBXFileReference; lastKnownFileType = sourcecode.swift; path = AppDelegate.swift; sourceTree = "<group>"; };
		1F3C46862056F0B10059C554 /* HistoryController.swift */ = {isa = PBXFileReference; lastKnownFileType = sourcecode.swift; path = HistoryController.swift; sourceTree = "<group>"; };
		1F3C46892056F0B10059C554 /* Base */ = {isa = PBXFileReference; lastKnownFileType = file.storyboard; name = Base; path = Base.lproj/Main.storyboard; sourceTree = "<group>"; };
		1F3C468B2056F0B10059C554 /* Assets.xcassets */ = {isa = PBXFileReference; lastKnownFileType = folder.assetcatalog; path = Assets.xcassets; sourceTree = "<group>"; };
		1F3C468E2056F0B10059C554 /* Base */ = {isa = PBXFileReference; lastKnownFileType = file.storyboard; name = Base; path = Base.lproj/LaunchScreen.storyboard; sourceTree = "<group>"; };
		1F3C46902056F0B10059C554 /* Info.plist */ = {isa = PBXFileReference; lastKnownFileType = text.plist.xml; path = Info.plist; sourceTree = "<group>"; };
		1F3C46982057232D0059C554 /* HistoryCell.swift */ = {isa = PBXFileReference; lastKnownFileType = sourcecode.swift; path = HistoryCell.swift; sourceTree = "<group>"; };
		1F3C469A205723D00059C554 /* BaseCell.swift */ = {isa = PBXFileReference; lastKnownFileType = sourcecode.swift; path = BaseCell.swift; sourceTree = "<group>"; };
		1F3C469C2057543F0059C554 /* MainTabBarController.swift */ = {isa = PBXFileReference; lastKnownFileType = sourcecode.swift; path = MainTabBarController.swift; sourceTree = "<group>"; };
		1F3C46A1205758E70059C554 /* ContactListController.swift */ = {isa = PBXFileReference; lastKnownFileType = sourcecode.swift; path = ContactListController.swift; sourceTree = "<group>"; };
		1F3C46A420575B8B0059C554 /* CoreDataManager.swift */ = {isa = PBXFileReference; lastKnownFileType = sourcecode.swift; path = CoreDataManager.swift; sourceTree = "<group>"; };
		1F561D15205F25F900574EFA /* OnboardingController.swift */ = {isa = PBXFileReference; lastKnownFileType = sourcecode.swift; path = OnboardingController.swift; sourceTree = "<group>"; };
		1F561D17205F284F00574EFA /* Page.swift */ = {isa = PBXFileReference; lastKnownFileType = sourcecode.swift; path = Page.swift; sourceTree = "<group>"; };
		1F561D19205F289500574EFA /* PageCell.swift */ = {isa = PBXFileReference; lastKnownFileType = sourcecode.swift; path = PageCell.swift; sourceTree = "<group>"; };
		1F561D1B205F28FC00574EFA /* FirstPageCell.swift */ = {isa = PBXFileReference; lastKnownFileType = sourcecode.swift; path = FirstPageCell.swift; sourceTree = "<group>"; };
		1F561D1F205F4D2900574EFA /* OnBoardingControllerDelegate.swift */ = {isa = PBXFileReference; lastKnownFileType = sourcecode.swift; path = OnBoardingControllerDelegate.swift; sourceTree = "<group>"; };
		1F72C29E2058894400E66A58 /* VoipAppCoreDataModel.xcdatamodel */ = {isa = PBXFileReference; lastKnownFileType = wrapper.xcdatamodel; path = VoipAppCoreDataModel.xcdatamodel; sourceTree = "<group>"; };
		1F72C2A32059DA6300E66A58 /* ContactsManager.swift */ = {isa = PBXFileReference; lastKnownFileType = sourcecode.swift; path = ContactsManager.swift; sourceTree = "<group>"; };
		1F72C2A5205B2D6C00E66A58 /* Extensions.swift */ = {isa = PBXFileReference; lastKnownFileType = sourcecode.swift; path = Extensions.swift; sourceTree = "<group>"; };
		1F72C2A7205B323E00E66A58 /* ContactController.swift */ = {isa = PBXFileReference; lastKnownFileType = sourcecode.swift; path = ContactController.swift; sourceTree = "<group>"; };
		1F72C2A9205B394B00E66A58 /* ContactCell.swift */ = {isa = PBXFileReference; lastKnownFileType = sourcecode.swift; path = ContactCell.swift; sourceTree = "<group>"; };
/* End PBXFileReference section */

/* Begin PBXFrameworksBuildPhase section */
		1F3C467E2056F0B10059C554 /* Frameworks */ = {
			isa = PBXFrameworksBuildPhase;
			buildActionMask = 2147483647;
			files = (
			);
			runOnlyForDeploymentPostprocessing = 0;
		};
/* End PBXFrameworksBuildPhase section */

/* Begin PBXGroup section */
		1F3C46782056F0B10059C554 = {
			isa = PBXGroup;
			children = (
				1F3C46832056F0B10059C554 /* VOIPApp */,
				1F3C46822056F0B10059C554 /* Products */,
			);
			sourceTree = "<group>";
		};
		1F3C46822056F0B10059C554 /* Products */ = {
			isa = PBXGroup;
			children = (
				1F3C46812056F0B10059C554 /* VOIPApp.app */,
			);
			name = Products;
			sourceTree = "<group>";
		};
		1F3C46832056F0B10059C554 /* VOIPApp */ = {
			isa = PBXGroup;
			children = (
				1F72C2A22059DA4F00E66A58 /* Helpers */,
				1F3C46A320575B770059C554 /* CoreData */,
				1F3C469E2057577D0059C554 /* Model */,
				1F3C4697205723190059C554 /* Views */,
				1F3C4696205722FB0059C554 /* Controllers */,
				1F3C46842056F0B10059C554 /* AppDelegate.swift */,
				1F3C46882056F0B10059C554 /* Main.storyboard */,
				1F3C468B2056F0B10059C554 /* Assets.xcassets */,
				1F3C468D2056F0B10059C554 /* LaunchScreen.storyboard */,
				1F3C46902056F0B10059C554 /* Info.plist */,
			);
			path = VOIPApp;
			sourceTree = "<group>";
		};
		1F3C4696205722FB0059C554 /* Controllers */ = {
			isa = PBXGroup;
			children = (
				1F3C46862056F0B10059C554 /* HistoryController.swift */,
				1F3C469C2057543F0059C554 /* MainTabBarController.swift */,
				1F3C46A1205758E70059C554 /* ContactListController.swift */,
				1F72C2A7205B323E00E66A58 /* ContactController.swift */,
				1F561D15205F25F900574EFA /* OnboardingController.swift */,
			);
			path = Controllers;
			sourceTree = "<group>";
		};
		1F3C4697205723190059C554 /* Views */ = {
			isa = PBXGroup;
			children = (
				1F3C46982057232D0059C554 /* HistoryCell.swift */,
				1F3C469A205723D00059C554 /* BaseCell.swift */,
				1F72C2A9205B394B00E66A58 /* ContactCell.swift */,
				1F561D19205F289500574EFA /* PageCell.swift */,
				1F561D1B205F28FC00574EFA /* FirstPageCell.swift */,
			);
			path = Views;
			sourceTree = "<group>";
		};
		1F3C469E2057577D0059C554 /* Model */ = {
			isa = PBXGroup;
			children = (
				1F561D17205F284F00574EFA /* Page.swift */,
			);
			path = Model;
			sourceTree = "<group>";
		};
		1F3C46A320575B770059C554 /* CoreData */ = {
			isa = PBXGroup;
			children = (
				1F3C46A420575B8B0059C554 /* CoreDataManager.swift */,
				1F72C29D2058894400E66A58 /* VoipAppCoreDataModel.xcdatamodeld */,
			);
			path = CoreData;
			sourceTree = "<group>";
		};
		1F72C2A22059DA4F00E66A58 /* Helpers */ = {
			isa = PBXGroup;
			children = (
				1F72C2A32059DA6300E66A58 /* ContactsManager.swift */,
				1F72C2A5205B2D6C00E66A58 /* Extensions.swift */,
				1F561D1F205F4D2900574EFA /* OnBoardingControllerDelegate.swift */,
			);
			path = Helpers;
			sourceTree = "<group>";
		};
/* End PBXGroup section */

/* Begin PBXNativeTarget section */
		1F3C46802056F0B10059C554 /* VOIPApp */ = {
			isa = PBXNativeTarget;
			buildConfigurationList = 1F3C46932056F0B10059C554 /* Build configuration list for PBXNativeTarget "VOIPApp" */;
			buildPhases = (
				1F3C467D2056F0B10059C554 /* Sources */,
				1F3C467E2056F0B10059C554 /* Frameworks */,
				1F3C467F2056F0B10059C554 /* Resources */,
			);
			buildRules = (
			);
			dependencies = (
			);
			name = VOIPApp;
			productName = VOIPApp;
			productReference = 1F3C46812056F0B10059C554 /* VOIPApp.app */;
			productType = "com.apple.product-type.application";
		};
/* End PBXNativeTarget section */

/* Begin PBXProject section */
		1F3C46792056F0B10059C554 /* Project object */ = {
			isa = PBXProject;
			attributes = {
				LastSwiftUpdateCheck = 0920;
				LastUpgradeCheck = 0920;
				ORGANIZATIONNAME = "Nuno Pereira";
				TargetAttributes = {
					1F3C46802056F0B10059C554 = {
						CreatedOnToolsVersion = 9.2;
						ProvisioningStyle = Automatic;
					};
				};
			};
			buildConfigurationList = 1F3C467C2056F0B10059C554 /* Build configuration list for PBXProject "VOIPApp" */;
			compatibilityVersion = "Xcode 8.0";
			developmentRegion = en;
			hasScannedForEncodings = 0;
			knownRegions = (
				en,
				Base,
			);
			mainGroup = 1F3C46782056F0B10059C554;
			productRefGroup = 1F3C46822056F0B10059C554 /* Products */;
			projectDirPath = "";
			projectRoot = "";
			targets = (
				1F3C46802056F0B10059C554 /* VOIPApp */,
			);
		};
/* End PBXProject section */

/* Begin PBXResourcesBuildPhase section */
		1F3C467F2056F0B10059C554 /* Resources */ = {
			isa = PBXResourcesBuildPhase;
			buildActionMask = 2147483647;
			files = (
				1F3C468F2056F0B10059C554 /* LaunchScreen.storyboard in Resources */,
				1F3C468C2056F0B10059C554 /* Assets.xcassets in Resources */,
				1F3C468A2056F0B10059C554 /* Main.storyboard in Resources */,
			);
			runOnlyForDeploymentPostprocessing = 0;
		};
/* End PBXResourcesBuildPhase section */

/* Begin PBXSourcesBuildPhase section */
		1F3C467D2056F0B10059C554 /* Sources */ = {
			isa = PBXSourcesBuildPhase;
			buildActionMask = 2147483647;
			files = (
				1F72C29F2058894400E66A58 /* VoipAppCoreDataModel.xcdatamodeld in Sources */,
				1F72C2A8205B323E00E66A58 /* ContactController.swift in Sources */,
				1F561D18205F284F00574EFA /* Page.swift in Sources */,
				1F561D20205F4D2900574EFA /* OnBoardingControllerDelegate.swift in Sources */,
				1F3C469B205723D00059C554 /* BaseCell.swift in Sources */,
				1F3C46A2205758E70059C554 /* ContactListController.swift in Sources */,
				1F3C46872056F0B10059C554 /* HistoryController.swift in Sources */,
				1F561D1A205F289500574EFA /* PageCell.swift in Sources */,
				1F561D1C205F28FC00574EFA /* FirstPageCell.swift in Sources */,
				1F3C469D2057543F0059C554 /* MainTabBarController.swift in Sources */,
				1F3C46992057232D0059C554 /* HistoryCell.swift in Sources */,
				1F561D16205F25F900574EFA /* OnboardingController.swift in Sources */,
				1F72C2A6205B2D6C00E66A58 /* Extensions.swift in Sources */,
				1F3C46A520575B8B0059C554 /* CoreDataManager.swift in Sources */,
				1F72C2A42059DA6300E66A58 /* ContactsManager.swift in Sources */,
				1F72C2AA205B394B00E66A58 /* ContactCell.swift in Sources */,
				1F3C46852056F0B10059C554 /* AppDelegate.swift in Sources */,
			);
			runOnlyForDeploymentPostprocessing = 0;
		};
/* End PBXSourcesBuildPhase section */

/* Begin PBXVariantGroup section */
		1F3C46882056F0B10059C554 /* Main.storyboard */ = {
			isa = PBXVariantGroup;
			children = (
				1F3C46892056F0B10059C554 /* Base */,
			);
			name = Main.storyboard;
			sourceTree = "<group>";
		};
		1F3C468D2056F0B10059C554 /* LaunchScreen.storyboard */ = {
			isa = PBXVariantGroup;
			children = (
				1F3C468E2056F0B10059C554 /* Base */,
			);
			name = LaunchScreen.storyboard;
			sourceTree = "<group>";
		};
/* End PBXVariantGroup section */

/* Begin XCBuildConfiguration section */
		1F3C46912056F0B10059C554 /* Debug */ = {
			isa = XCBuildConfiguration;
			buildSettings = {
				ALWAYS_SEARCH_USER_PATHS = NO;
				CLANG_ANALYZER_NONNULL = YES;
				CLANG_ANALYZER_NUMBER_OBJECT_CONVERSION = YES_AGGRESSIVE;
				CLANG_CXX_LANGUAGE_STANDARD = "gnu++14";
				CLANG_CXX_LIBRARY = "libc++";
				CLANG_ENABLE_MODULES = YES;
				CLANG_ENABLE_OBJC_ARC = YES;
				CLANG_WARN_BLOCK_CAPTURE_AUTORELEASING = YES;
				CLANG_WARN_BOOL_CONVERSION = YES;
				CLANG_WARN_COMMA = YES;
				CLANG_WARN_CONSTANT_CONVERSION = YES;
				CLANG_WARN_DIRECT_OBJC_ISA_USAGE = YES_ERROR;
				CLANG_WARN_DOCUMENTATION_COMMENTS = YES;
				CLANG_WARN_EMPTY_BODY = YES;
				CLANG_WARN_ENUM_CONVERSION = YES;
				CLANG_WARN_INFINITE_RECURSION = YES;
				CLANG_WARN_INT_CONVERSION = YES;
				CLANG_WARN_NON_LITERAL_NULL_CONVERSION = YES;
				CLANG_WARN_OBJC_LITERAL_CONVERSION = YES;
				CLANG_WARN_OBJC_ROOT_CLASS = YES_ERROR;
				CLANG_WARN_RANGE_LOOP_ANALYSIS = YES;
				CLANG_WARN_STRICT_PROTOTYPES = YES;
				CLANG_WARN_SUSPICIOUS_MOVE = YES;
				CLANG_WARN_UNGUARDED_AVAILABILITY = YES_AGGRESSIVE;
				CLANG_WARN_UNREACHABLE_CODE = YES;
				CLANG_WARN__DUPLICATE_METHOD_MATCH = YES;
				CODE_SIGN_IDENTITY = "iPhone Developer";
				COPY_PHASE_STRIP = NO;
				DEBUG_INFORMATION_FORMAT = dwarf;
				ENABLE_STRICT_OBJC_MSGSEND = YES;
				ENABLE_TESTABILITY = YES;
				GCC_C_LANGUAGE_STANDARD = gnu11;
				GCC_DYNAMIC_NO_PIC = NO;
				GCC_NO_COMMON_BLOCKS = YES;
				GCC_OPTIMIZATION_LEVEL = 0;
				GCC_PREPROCESSOR_DEFINITIONS = (
					"DEBUG=1",
					"$(inherited)",
				);
				GCC_WARN_64_TO_32_BIT_CONVERSION = YES;
				GCC_WARN_ABOUT_RETURN_TYPE = YES_ERROR;
				GCC_WARN_UNDECLARED_SELECTOR = YES;
				GCC_WARN_UNINITIALIZED_AUTOS = YES_AGGRESSIVE;
				GCC_WARN_UNUSED_FUNCTION = YES;
				GCC_WARN_UNUSED_VARIABLE = YES;
				IPHONEOS_DEPLOYMENT_TARGET = 11.2;
				MTL_ENABLE_DEBUG_INFO = YES;
				ONLY_ACTIVE_ARCH = YES;
				SDKROOT = iphoneos;
				SWIFT_ACTIVE_COMPILATION_CONDITIONS = DEBUG;
				SWIFT_OPTIMIZATION_LEVEL = "-Onone";
			};
			name = Debug;
		};
		1F3C46922056F0B10059C554 /* Release */ = {
			isa = XCBuildConfiguration;
			buildSettings = {
				ALWAYS_SEARCH_USER_PATHS = NO;
				CLANG_ANALYZER_NONNULL = YES;
				CLANG_ANALYZER_NUMBER_OBJECT_CONVERSION = YES_AGGRESSIVE;
				CLANG_CXX_LANGUAGE_STANDARD = "gnu++14";
				CLANG_CXX_LIBRARY = "libc++";
				CLANG_ENABLE_MODULES = YES;
				CLANG_ENABLE_OBJC_ARC = YES;
				CLANG_WARN_BLOCK_CAPTURE_AUTORELEASING = YES;
				CLANG_WARN_BOOL_CONVERSION = YES;
				CLANG_WARN_COMMA = YES;
				CLANG_WARN_CONSTANT_CONVERSION = YES;
				CLANG_WARN_DIRECT_OBJC_ISA_USAGE = YES_ERROR;
				CLANG_WARN_DOCUMENTATION_COMMENTS = YES;
				CLANG_WARN_EMPTY_BODY = YES;
				CLANG_WARN_ENUM_CONVERSION = YES;
				CLANG_WARN_INFINITE_RECURSION = YES;
				CLANG_WARN_INT_CONVERSION = YES;
				CLANG_WARN_NON_LITERAL_NULL_CONVERSION = YES;
				CLANG_WARN_OBJC_LITERAL_CONVERSION = YES;
				CLANG_WARN_OBJC_ROOT_CLASS = YES_ERROR;
				CLANG_WARN_RANGE_LOOP_ANALYSIS = YES;
				CLANG_WARN_STRICT_PROTOTYPES = YES;
				CLANG_WARN_SUSPICIOUS_MOVE = YES;
				CLANG_WARN_UNGUARDED_AVAILABILITY = YES_AGGRESSIVE;
				CLANG_WARN_UNREACHABLE_CODE = YES;
				CLANG_WARN__DUPLICATE_METHOD_MATCH = YES;
				CODE_SIGN_IDENTITY = "iPhone Developer";
				COPY_PHASE_STRIP = NO;
				DEBUG_INFORMATION_FORMAT = "dwarf-with-dsym";
				ENABLE_NS_ASSERTIONS = NO;
				ENABLE_STRICT_OBJC_MSGSEND = YES;
				GCC_C_LANGUAGE_STANDARD = gnu11;
				GCC_NO_COMMON_BLOCKS = YES;
				GCC_WARN_64_TO_32_BIT_CONVERSION = YES;
				GCC_WARN_ABOUT_RETURN_TYPE = YES_ERROR;
				GCC_WARN_UNDECLARED_SELECTOR = YES;
				GCC_WARN_UNINITIALIZED_AUTOS = YES_AGGRESSIVE;
				GCC_WARN_UNUSED_FUNCTION = YES;
				GCC_WARN_UNUSED_VARIABLE = YES;
				IPHONEOS_DEPLOYMENT_TARGET = 11.2;
				MTL_ENABLE_DEBUG_INFO = NO;
				SDKROOT = iphoneos;
				SWIFT_OPTIMIZATION_LEVEL = "-Owholemodule";
				VALIDATE_PRODUCT = YES;
			};
			name = Release;
		};
		1F3C46942056F0B10059C554 /* Debug */ = {
			isa = XCBuildConfiguration;
			buildSettings = {
				ASSETCATALOG_COMPILER_APPICON_NAME = AppIcon;
				CODE_SIGN_STYLE = Automatic;
				DEVELOPMENT_TEAM = JBEYETDGSB;
				INFOPLIST_FILE = VOIPApp/Info.plist;
				LD_RUNPATH_SEARCH_PATHS = "$(inherited) @executable_path/Frameworks";
				PRODUCT_BUNDLE_IDENTIFIER = com.nMfpereira.VOIPApp;
				PRODUCT_NAME = "$(TARGET_NAME)";
				SWIFT_VERSION = 4.0;
				TARGETED_DEVICE_FAMILY = "1,2";
			};
			name = Debug;
		};
		1F3C46952056F0B10059C554 /* Release */ = {
			isa = XCBuildConfiguration;
			buildSettings = {
				ASSETCATALOG_COMPILER_APPICON_NAME = AppIcon;
				CODE_SIGN_STYLE = Automatic;
				DEVELOPMENT_TEAM = JBEYETDGSB;
				INFOPLIST_FILE = VOIPApp/Info.plist;
				LD_RUNPATH_SEARCH_PATHS = "$(inherited) @executable_path/Frameworks";
				PRODUCT_BUNDLE_IDENTIFIER = com.nMfpereira.VOIPApp;
				PRODUCT_NAME = "$(TARGET_NAME)";
				SWIFT_VERSION = 4.0;
				TARGETED_DEVICE_FAMILY = "1,2";
			};
			name = Release;
		};
/* End XCBuildConfiguration section */

/* Begin XCConfigurationList section */
		1F3C467C2056F0B10059C554 /* Build configuration list for PBXProject "VOIPApp" */ = {
			isa = XCConfigurationList;
			buildConfigurations = (
				1F3C46912056F0B10059C554 /* Debug */,
				1F3C46922056F0B10059C554 /* Release */,
			);
			defaultConfigurationIsVisible = 0;
			defaultConfigurationName = Release;
		};
		1F3C46932056F0B10059C554 /* Build configuration list for PBXNativeTarget "VOIPApp" */ = {
			isa = XCConfigurationList;
			buildConfigurations = (
				1F3C46942056F0B10059C554 /* Debug */,
				1F3C46952056F0B10059C554 /* Release */,
			);
			defaultConfigurationIsVisible = 0;
			defaultConfigurationName = Release;
		};
/* End XCConfigurationList section */

/* Begin XCVersionGroup section */
		1F72C29D2058894400E66A58 /* VoipAppCoreDataModel.xcdatamodeld */ = {
			isa = XCVersionGroup;
			children = (
				1F72C29E2058894400E66A58 /* VoipAppCoreDataModel.xcdatamodel */,
			);
			currentVersion = 1F72C29E2058894400E66A58 /* VoipAppCoreDataModel.xcdatamodel */;
			path = VoipAppCoreDataModel.xcdatamodeld;
			sourceTree = "<group>";
			versionGroupType = wrapper.xcdatamodel;
		};
/* End XCVersionGroup section */
	};
	rootObject = 1F3C46792056F0B10059C554 /* Project object */;
}
